
Microsoft Visual Studio Solution File, Format Version 12.00
# Visual Studio Version 16
VisualStudioVersion = 16.0.808.6
MinimumVisualStudioVersion = 10.0.40219.1
Project("{FAE04EC0-301F-11D3-BF4B-00C04F79EFBC}") = "BankApp", "BankApp\BankApp.csproj", "{D414F473-9A17-4573-99F4-797E97FFFB42}"
EndProject
Project("{FAE04EC0-301F-11D3-BF4B-00C04F79EFBC}") = "BankApp.Models", "Models\BankApp.Models.csproj", "{C85FFF6C-8407-48E8-AA6C-4126B97074A0}"
EndProject
Project("{FAE04EC0-301F-11D3-BF4B-00C04F79EFBC}") = "BankApp.Services", "BankApp.Services\BankApp.Services.csproj", "{BDB544E0-900C-494D-9032-E4C405C74BA9}"
EndProject
Project("{FAE04EC0-301F-11D3-BF4B-00C04F79EFBC}") = "BankApp.Interfaces", "BankApp.Interfaces\BankApp.Interfaces.csproj", "{3972D072-1FCB-4A7D-BDE9-0412FFA2BE20}"
EndProject
Global
	GlobalSection(SolutionConfigurationPlatforms) = preSolution
		Debug|Any CPU = Debug|Any CPU
		Release|Any CPU = Release|Any CPU
	EndGlobalSection
	GlobalSection(ProjectConfigurationPlatforms) = postSolution
		{D414F473-9A17-4573-99F4-797E97FFFB42}.Debug|Any CPU.ActiveCfg = Debug|Any CPU
		{D414F473-9A17-4573-99F4-797E97FFFB42}.Debug|Any CPU.Build.0 = Debug|Any CPU
		{D414F473-9A17-4573-99F4-797E97FFFB42}.Release|Any CPU.ActiveCfg = Release|Any CPU
		{D414F473-9A17-4573-99F4-797E97FFFB42}.Release|Any CPU.Build.0 = Release|Any CPU
		{C85FFF6C-8407-48E8-AA6C-4126B97074A0}.Debug|Any CPU.ActiveCfg = Debug|Any CPU
		{C85FFF6C-8407-48E8-AA6C-4126B97074A0}.Debug|Any CPU.Build.0 = Debug|Any CPU
		{C85FFF6C-8407-48E8-AA6C-4126B97074A0}.Release|Any CPU.ActiveCfg = Release|Any CPU
		{C85FFF6C-8407-48E8-AA6C-4126B97074A0}.Release|Any CPU.Build.0 = Release|Any CPU
		{BDB544E0-900C-494D-9032-E4C405C74BA9}.Debug|Any CPU.ActiveCfg = Debug|Any CPU
		{BDB544E0-900C-494D-9032-E4C405C74BA9}.Debug|Any CPU.Build.0 = Debug|Any CPU
		{BDB544E0-900C-494D-9032-E4C405C74BA9}.Release|Any CPU.ActiveCfg = Release|Any CPU
		{BDB544E0-900C-494D-9032-E4C405C74BA9}.Release|Any CPU.Build.0 = Release|Any CPU
		{3972D072-1FCB-4A7D-BDE9-0412FFA2BE20}.Debug|Any CPU.ActiveCfg = Debug|Any CPU
		{3972D072-1FCB-4A7D-BDE9-0412FFA2BE20}.Debug|Any CPU.Build.0 = Debug|Any CPU
		{3972D072-1FCB-4A7D-BDE9-0412FFA2BE20}.Release|Any CPU.ActiveCfg = Release|Any CPU
		{3972D072-1FCB-4A7D-BDE9-0412FFA2BE20}.Release|Any CPU.Build.0 = Release|Any CPU
	EndGlobalSection
	GlobalSection(SolutionProperties) = preSolution
		HideSolutionNode = FALSE
	EndGlobalSection
	GlobalSection(ExtensibilityGlobals) = postSolution
		SolutionGuid = {3CBE1D0F-5E48-4F25-AC19-76BB900F5A6F}
	EndGlobalSection
EndGlobal
